// !$*UTF8*$!
{
	archiveVersion = 1;
	classes = {
	};
	objectVersion = 48;
	objects = {

/* Begin PBXBuildFile section */
		0BA4D4F81F485F340094F9F1 /* AppDelegate.swift in Sources */ = {isa = PBXBuildFile; fileRef = 0BA4D4F71F485F340094F9F1 /* AppDelegate.swift */; };
		0BA4D4FA1F485F340094F9F1 /* ViewController.swift in Sources */ = {isa = PBXBuildFile; fileRef = 0BA4D4F91F485F340094F9F1 /* ViewController.swift */; };
		0BA4D4FD1F485F340094F9F1 /* Main.storyboard in Resources */ = {isa = PBXBuildFile; fileRef = 0BA4D4FB1F485F340094F9F1 /* Main.storyboard */; };
		0BA4D4FF1F485F340094F9F1 /* Assets.xcassets in Resources */ = {isa = PBXBuildFile; fileRef = 0BA4D4FE1F485F340094F9F1 /* Assets.xcassets */; };
		0BA4D5021F485F340094F9F1 /* LaunchScreen.storyboard in Resources */ = {isa = PBXBuildFile; fileRef = 0BA4D5001F485F340094F9F1 /* LaunchScreen.storyboard */; };
		0BA4D50D1F485F340094F9F1 /* networkMetricsDemoTests.swift in Sources */ = {isa = PBXBuildFile; fileRef = 0BA4D50C1F485F340094F9F1 /* networkMetricsDemoTests.swift */; };
		0BA4D5181F485F350094F9F1 /* networkMetricsDemoUITests.swift in Sources */ = {isa = PBXBuildFile; fileRef = 0BA4D5171F485F350094F9F1 /* networkMetricsDemoUITests.swift */; };
		0BA4D52A1F4B12A60094F9F1 /* NetReachalility.swift in Sources */ = {isa = PBXBuildFile; fileRef = 0BA4D5291F4B12A60094F9F1 /* NetReachalility.swift */; };
/* End PBXBuildFile section */

/* Begin PBXContainerItemProxy section */
		0BA4D5091F485F340094F9F1 /* PBXContainerItemProxy */ = {
			isa = PBXContainerItemProxy;
			containerPortal = 0BA4D4EC1F485F340094F9F1 /* Project object */;
			proxyType = 1;
			remoteGlobalIDString = 0BA4D4F31F485F340094F9F1;
			remoteInfo = networkMetricsDemo;
		};
		0BA4D5141F485F350094F9F1 /* PBXContainerItemProxy */ = {
			isa = PBXContainerItemProxy;
			containerPortal = 0BA4D4EC1F485F340094F9F1 /* Project object */;
			proxyType = 1;
			remoteGlobalIDString = 0BA4D4F31F485F340094F9F1;
			remoteInfo = networkMetricsDemo;
		};
/* End PBXContainerItemProxy section */

/* Begin PBXFileReference section */
		0BA4D4F41F485F340094F9F1 /* networkMetricsDemo.app */ = {isa = PBXFileReference; explicitFileType = wrapper.application; includeInIndex = 0; path = networkMetricsDemo.app; sourceTree = BUILT_PRODUCTS_DIR; };
		0BA4D4F71F485F340094F9F1 /* AppDelegate.swift */ = {isa = PBXFileReference; lastKnownFileType = sourcecode.swift; path = AppDelegate.swift; sourceTree = "<group>"; };
		0BA4D4F91F485F340094F9F1 /* ViewController.swift */ = {isa = PBXFileReference; lastKnownFileType = sourcecode.swift; path = ViewController.swift; sourceTree = "<group>"; };
		0BA4D4FC1F485F340094F9F1 /* Base */ = {isa = PBXFileReference; lastKnownFileType = file.storyboard; name = Base; path = Base.lproj/Main.storyboard; sourceTree = "<group>"; };
		0BA4D4FE1F485F340094F9F1 /* Assets.xcassets */ = {isa = PBXFileReference; lastKnownFileType = folder.assetcatalog; path = Assets.xcassets; sourceTree = "<group>"; };
		0BA4D5011F485F340094F9F1 /* Base */ = {isa = PBXFileReference; lastKnownFileType = file.storyboard; name = Base; path = Base.lproj/LaunchScreen.storyboard; sourceTree = "<group>"; };
		0BA4D5031F485F340094F9F1 /* Info.plist */ = {isa = PBXFileReference; lastKnownFileType = text.plist.xml; path = Info.plist; sourceTree = "<group>"; };
		0BA4D5081F485F340094F9F1 /* networkMetricsDemoTests.xctest */ = {isa = PBXFileReference; explicitFileType = wrapper.cfbundle; includeInIndex = 0; path = networkMetricsDemoTests.xctest; sourceTree = BUILT_PRODUCTS_DIR; };
		0BA4D50C1F485F340094F9F1 /* networkMetricsDemoTests.swift */ = {isa = PBXFileReference; lastKnownFileType = sourcecode.swift; path = networkMetricsDemoTests.swift; sourceTree = "<group>"; };
		0BA4D50E1F485F340094F9F1 /* Info.plist */ = {isa = PBXFileReference; lastKnownFileType = text.plist.xml; path = Info.plist; sourceTree = "<group>"; };
		0BA4D5131F485F350094F9F1 /* networkMetricsDemoUITests.xctest */ = {isa = PBXFileReference; explicitFileType = wrapper.cfbundle; includeInIndex = 0; path = networkMetricsDemoUITests.xctest; sourceTree = BUILT_PRODUCTS_DIR; };
		0BA4D5171F485F350094F9F1 /* networkMetricsDemoUITests.swift */ = {isa = PBXFileReference; lastKnownFileType = sourcecode.swift; path = networkMetricsDemoUITests.swift; sourceTree = "<group>"; };
		0BA4D5191F485F350094F9F1 /* Info.plist */ = {isa = PBXFileReference; lastKnownFileType = text.plist.xml; path = Info.plist; sourceTree = "<group>"; };
		0BA4D5291F4B12A60094F9F1 /* NetReachalility.swift */ = {isa = PBXFileReference; lastKnownFileType = sourcecode.swift; path = NetReachalility.swift; sourceTree = "<group>"; };
/* End PBXFileReference section */

/* Begin PBXFrameworksBuildPhase section */
		0BA4D4F11F485F340094F9F1 /* Frameworks */ = {
			isa = PBXFrameworksBuildPhase;
			buildActionMask = 2147483647;
			files = (
			);
			runOnlyForDeploymentPostprocessing = 0;
		};
		0BA4D5051F485F340094F9F1 /* Frameworks */ = {
			isa = PBXFrameworksBuildPhase;
			buildActionMask = 2147483647;
			files = (
			);
			runOnlyForDeploymentPostprocessing = 0;
		};
		0BA4D5101F485F350094F9F1 /* Frameworks */ = {
			isa = PBXFrameworksBuildPhase;
			buildActionMask = 2147483647;
			files = (
			);
			runOnlyForDeploymentPostprocessing = 0;
		};
/* End PBXFrameworksBuildPhase section */

/* Begin PBXGroup section */
		0BA4D4EB1F485F340094F9F1 = {
			isa = PBXGroup;
			children = (
				0BA4D4F61F485F340094F9F1 /* networkMetricsDemo */,
				0BA4D50B1F485F340094F9F1 /* networkMetricsDemoTests */,
				0BA4D5161F485F350094F9F1 /* networkMetricsDemoUITests */,
				0BA4D4F51F485F340094F9F1 /* Products */,
			);
			sourceTree = "<group>";
		};
		0BA4D4F51F485F340094F9F1 /* Products */ = {
			isa = PBXGroup;
			children = (
				0BA4D4F41F485F340094F9F1 /* networkMetricsDemo.app */,
				0BA4D5081F485F340094F9F1 /* networkMetricsDemoTests.xctest */,
				0BA4D5131F485F350094F9F1 /* networkMetricsDemoUITests.xctest */,
			);
			name = Products;
			sourceTree = "<group>";
		};
		0BA4D4F61F485F340094F9F1 /* networkMetricsDemo */ = {
			isa = PBXGroup;
			children = (
				0BA4D4F71F485F340094F9F1 /* AppDelegate.swift */,
				0BA4D4F91F485F340094F9F1 /* ViewController.swift */,
				0BA4D5291F4B12A60094F9F1 /* NetReachalility.swift */,
				0BA4D4FB1F485F340094F9F1 /* Main.storyboard */,
				0BA4D4FE1F485F340094F9F1 /* Assets.xcassets */,
				0BA4D5001F485F340094F9F1 /* LaunchScreen.storyboard */,
				0BA4D5031F485F340094F9F1 /* Info.plist */,
			);
			path = networkMetricsDemo;
			sourceTree = "<group>";
		};
		0BA4D50B1F485F340094F9F1 /* networkMetricsDemoTests */ = {
			isa = PBXGroup;
			children = (
				0BA4D50C1F485F340094F9F1 /* networkMetricsDemoTests.swift */,
				0BA4D50E1F485F340094F9F1 /* Info.plist */,
			);
			path = networkMetricsDemoTests;
			sourceTree = "<group>";
		};
		0BA4D5161F485F350094F9F1 /* networkMetricsDemoUITests */ = {
			isa = PBXGroup;
			children = (
				0BA4D5171F485F350094F9F1 /* networkMetricsDemoUITests.swift */,
				0BA4D5191F485F350094F9F1 /* Info.plist */,
			);
			path = networkMetricsDemoUITests;
			sourceTree = "<group>";
		};
/* End PBXGroup section */

/* Begin PBXNativeTarget section */
		0BA4D4F31F485F340094F9F1 /* networkMetricsDemo */ = {
			isa = PBXNativeTarget;
			buildConfigurationList = 0BA4D51C1F485F350094F9F1 /* Build configuration list for PBXNativeTarget "networkMetricsDemo" */;
			buildPhases = (
				0BA4D4F01F485F340094F9F1 /* Sources */,
				0BA4D4F11F485F340094F9F1 /* Frameworks */,
				0BA4D4F21F485F340094F9F1 /* Resources */,
			);
			buildRules = (
			);
			dependencies = (
			);
			name = networkMetricsDemo;
			productName = networkMetricsDemo;
			productReference = 0BA4D4F41F485F340094F9F1 /* networkMetricsDemo.app */;
			productType = "com.apple.product-type.application";
		};
		0BA4D5071F485F340094F9F1 /* networkMetricsDemoTests */ = {
			isa = PBXNativeTarget;
			buildConfigurationList = 0BA4D51F1F485F350094F9F1 /* Build configuration list for PBXNativeTarget "networkMetricsDemoTests" */;
			buildPhases = (
				0BA4D5041F485F340094F9F1 /* Sources */,
				0BA4D5051F485F340094F9F1 /* Frameworks */,
				0BA4D5061F485F340094F9F1 /* Resources */,
			);
			buildRules = (
			);
			dependencies = (
				0BA4D50A1F485F340094F9F1 /* PBXTargetDependency */,
			);
			name = networkMetricsDemoTests;
			productName = networkMetricsDemoTests;
			productReference = 0BA4D5081F485F340094F9F1 /* networkMetricsDemoTests.xctest */;
			productType = "com.apple.product-type.bundle.unit-test";
		};
		0BA4D5121F485F350094F9F1 /* networkMetricsDemoUITests */ = {
			isa = PBXNativeTarget;
			buildConfigurationList = 0BA4D5221F485F350094F9F1 /* Build configuration list for PBXNativeTarget "networkMetricsDemoUITests" */;
			buildPhases = (
				0BA4D50F1F485F350094F9F1 /* Sources */,
				0BA4D5101F485F350094F9F1 /* Frameworks */,
				0BA4D5111F485F350094F9F1 /* Resources */,
			);
			buildRules = (
			);
			dependencies = (
				0BA4D5151F485F350094F9F1 /* PBXTargetDependency */,
			);
			name = networkMetricsDemoUITests;
			productName = networkMetricsDemoUITests;
			productReference = 0BA4D5131F485F350094F9F1 /* networkMetricsDemoUITests.xctest */;
			productType = "com.apple.product-type.bundle.ui-testing";
		};
/* End PBXNativeTarget section */

/* Begin PBXProject section */
		0BA4D4EC1F485F340094F9F1 /* Project object */ = {
			isa = PBXProject;
			attributes = {
				LastSwiftUpdateCheck = 0900;
				LastUpgradeCheck = 0900;
				ORGANIZATIONNAME = "shiva  kumar";
				TargetAttributes = {
					0BA4D4F31F485F340094F9F1 = {
						CreatedOnToolsVersion = 9.0;
					};
					0BA4D5071F485F340094F9F1 = {
						CreatedOnToolsVersion = 9.0;
						TestTargetID = 0BA4D4F31F485F340094F9F1;
					};
					0BA4D5121F485F350094F9F1 = {
						CreatedOnToolsVersion = 9.0;
						TestTargetID = 0BA4D4F31F485F340094F9F1;
					};
				};
			};
			buildConfigurationList = 0BA4D4EF1F485F340094F9F1 /* Build configuration list for PBXProject "networkMetricsDemo" */;
			compatibilityVersion = "Xcode 8.0";
			developmentRegion = en;
			hasScannedForEncodings = 0;
			knownRegions = (
				en,
				Base,
			);
			mainGroup = 0BA4D4EB1F485F340094F9F1;
			productRefGroup = 0BA4D4F51F485F340094F9F1 /* Products */;
			projectDirPath = "";
			projectRoot = "";
			targets = (
				0BA4D4F31F485F340094F9F1 /* networkMetricsDemo */,
				0BA4D5071F485F340094F9F1 /* networkMetricsDemoTests */,
				0BA4D5121F485F350094F9F1 /* networkMetricsDemoUITests */,
			);
		};
/* End PBXProject section */

/* Begin PBXResourcesBuildPhase section */
		0BA4D4F21F485F340094F9F1 /* Resources */ = {
			isa = PBXResourcesBuildPhase;
			buildActionMask = 2147483647;
			files = (
				0BA4D5021F485F340094F9F1 /* LaunchScreen.storyboard in Resources */,
				0BA4D4FF1F485F340094F9F1 /* Assets.xcassets in Resources */,
				0BA4D4FD1F485F340094F9F1 /* Main.storyboard in Resources */,
			);
			runOnlyForDeploymentPostprocessing = 0;
		};
		0BA4D5061F485F340094F9F1 /* Resources */ = {
			isa = PBXResourcesBuildPhase;
			buildActionMask = 2147483647;
			files = (
			);
			runOnlyForDeploymentPostprocessing = 0;
		};
		0BA4D5111F485F350094F9F1 /* Resources */ = {
			isa = PBXResourcesBuildPhase;
			buildActionMask = 2147483647;
			files = (
			);
			runOnlyForDeploymentPostprocessing = 0;
		};
/* End PBXResourcesBuildPhase section */

/* Begin PBXSourcesBuildPhase section */
		0BA4D4F01F485F340094F9F1 /* Sources */ = {
			isa = PBXSourcesBuildPhase;
			buildActionMask = 2147483647;
			files = (
				0BA4D4FA1F485F340094F9F1 /* ViewController.swift in Sources */,
				0BA4D4F81F485F340094F9F1 /* AppDelegate.swift in Sources */,
				0BA4D52A1F4B12A60094F9F1 /* NetReachalility.swift in Sources */,
			);
			runOnlyForDeploymentPostprocessing = 0;
		};
		0BA4D5041F485F340094F9F1 /* Sources */ = {
			isa = PBXSourcesBuildPhase;
			buildActionMask = 2147483647;
			files = (
				0BA4D50D1F485F340094F9F1 /* networkMetricsDemoTests.swift in Sources */,
			);
			runOnlyForDeploymentPostprocessing = 0;
		};
		0BA4D50F1F485F350094F9F1 /* Sources */ = {
			isa = PBXSourcesBuildPhase;
			buildActionMask = 2147483647;
			files = (
				0BA4D5181F485F350094F9F1 /* networkMetricsDemoUITests.swift in Sources */,
			);
			runOnlyForDeploymentPostprocessing = 0;
		};
/* End PBXSourcesBuildPhase section */

/* Begin PBXTargetDependency section */
		0BA4D50A1F485F340094F9F1 /* PBXTargetDependency */ = {
			isa = PBXTargetDependency;
			target = 0BA4D4F31F485F340094F9F1 /* networkMetricsDemo */;
			targetProxy = 0BA4D5091F485F340094F9F1 /* PBXContainerItemProxy */;
		};
		0BA4D5151F485F350094F9F1 /* PBXTargetDependency */ = {
			isa = PBXTargetDependency;
			target = 0BA4D4F31F485F340094F9F1 /* networkMetricsDemo */;
			targetProxy = 0BA4D5141F485F350094F9F1 /* PBXContainerItemProxy */;
		};
/* End PBXTargetDependency section */

/* Begin PBXVariantGroup section */
		0BA4D4FB1F485F340094F9F1 /* Main.storyboard */ = {
			isa = PBXVariantGroup;
			children = (
				0BA4D4FC1F485F340094F9F1 /* Base */,
			);
			name = Main.storyboard;
			sourceTree = "<group>";
		};
		0BA4D5001F485F340094F9F1 /* LaunchScreen.storyboard */ = {
			isa = PBXVariantGroup;
			children = (
				0BA4D5011F485F340094F9F1 /* Base */,
			);
			name = LaunchScreen.storyboard;
			sourceTree = "<group>";
		};
/* End PBXVariantGroup section */

/* Begin XCBuildConfiguration section */
		0BA4D51A1F485F350094F9F1 /* Debug */ = {
			isa = XCBuildConfiguration;
			buildSettings = {
				ALWAYS_SEARCH_USER_PATHS = NO;
				CLANG_ANALYZER_NONNULL = YES;
				CLANG_ANALYZER_NUMBER_OBJECT_CONVERSION = YES_AGGRESSIVE;
				CLANG_CXX_LANGUAGE_STANDARD = "gnu++14";
				CLANG_CXX_LIBRARY = "libc++";
				CLANG_ENABLE_MODULES = YES;
				CLANG_ENABLE_OBJC_ARC = YES;
				CLANG_WARN_BLOCK_CAPTURE_AUTORELEASING = YES;
				CLANG_WARN_BOOL_CONVERSION = YES;
				CLANG_WARN_COMMA = YES;
				CLANG_WARN_CONSTANT_CONVERSION = YES;
				CLANG_WARN_DIRECT_OBJC_ISA_USAGE = YES_ERROR;
				CLANG_WARN_DOCUMENTATION_COMMENTS = YES;
				CLANG_WARN_EMPTY_BODY = YES;
				CLANG_WARN_ENUM_CONVERSION = YES;
				CLANG_WARN_INFINITE_RECURSION = YES;
				CLANG_WARN_INT_CONVERSION = YES;
				CLANG_WARN_NON_LITERAL_NULL_CONVERSION = YES;
				CLANG_WARN_OBJC_LITERAL_CONVERSION = YES;
				CLANG_WARN_OBJC_ROOT_CLASS = YES_ERROR;
				CLANG_WARN_RANGE_LOOP_ANALYSIS = YES;
				CLANG_WARN_STRICT_PROTOTYPES = YES;
				CLANG_WARN_SUSPICIOUS_MOVE = YES;
				CLANG_WARN_UNGUARDED_AVAILABILITY = YES_AGGRESSIVE;
				CLANG_WARN_UNREACHABLE_CODE = YES;
				CLANG_WARN__DUPLICATE_METHOD_MATCH = YES;
				CODE_SIGN_IDENTITY = "iPhone Developer";
				COPY_PHASE_STRIP = NO;
				DEBUG_INFORMATION_FORMAT = dwarf;
				ENABLE_STRICT_OBJC_MSGSEND = YES;
				ENABLE_TESTABILITY = YES;
				GCC_C_LANGUAGE_STANDARD = gnu11;
				GCC_DYNAMIC_NO_PIC = NO;
				GCC_NO_COMMON_BLOCKS = YES;
				GCC_OPTIMIZATION_LEVEL = 0;
				GCC_PREPROCESSOR_DEFINITIONS = (
					"DEBUG=1",
					"$(inherited)",
				);
				GCC_WARN_64_TO_32_BIT_CONVERSION = YES;
				GCC_WARN_ABOUT_RETURN_TYPE = YES_ERROR;
				GCC_WARN_UNDECLARED_SELECTOR = YES;
				GCC_WARN_UNINITIALIZED_AUTOS = YES_AGGRESSIVE;
				GCC_WARN_UNUSED_FUNCTION = YES;
				GCC_WARN_UNUSED_VARIABLE = YES;
				IPHONEOS_DEPLOYMENT_TARGET = 11.0;
				MTL_ENABLE_DEBUG_INFO = YES;
				ONLY_ACTIVE_ARCH = YES;
				SDKROOT = iphoneos;
				SWIFT_ACTIVE_COMPILATION_CONDITIONS = DEBUG;
				SWIFT_OPTIMIZATION_LEVEL = "-Onone";
			};
			name = Debug;
		};
		0BA4D51B1F485F350094F9F1 /* Release */ = {
			isa = XCBuildConfiguration;
			buildSettings = {
				ALWAYS_SEARCH_USER_PATHS = NO;
				CLANG_ANALYZER_NONNULL = YES;
				CLANG_ANALYZER_NUMBER_OBJECT_CONVERSION = YES_AGGRESSIVE;
				CLANG_CXX_LANGUAGE_STANDARD = "gnu++14";
				CLANG_CXX_LIBRARY = "libc++";
				CLANG_ENABLE_MODULES = YES;
				CLANG_ENABLE_OBJC_ARC = YES;
				CLANG_WARN_BLOCK_CAPTURE_AUTORELEASING = YES;
				CLANG_WARN_BOOL_CONVERSION = YES;
				CLANG_WARN_COMMA = YES;
				CLANG_WARN_CONSTANT_CONVERSION = YES;
				CLANG_WARN_DIRECT_OBJC_ISA_USAGE = YES_ERROR;
				CLANG_WARN_DOCUMENTATION_COMMENTS = YES;
				CLANG_WARN_EMPTY_BODY = YES;
				CLANG_WARN_ENUM_CONVERSION = YES;
				CLANG_WARN_INFINITE_RECURSION = YES;
				CLANG_WARN_INT_CONVERSION = YES;
				CLANG_WARN_NON_LITERAL_NULL_CONVERSION = YES;
				CLANG_WARN_OBJC_LITERAL_CONVERSION = YES;
				CLANG_WARN_OBJC_ROOT_CLASS = YES_ERROR;
				CLANG_WARN_RANGE_LOOP_ANALYSIS = YES;
				CLANG_WARN_STRICT_PROTOTYPES = YES;
				CLANG_WARN_SUSPICIOUS_MOVE = YES;
				CLANG_WARN_UNGUARDED_AVAILABILITY = YES_AGGRESSIVE;
				CLANG_WARN_UNREACHABLE_CODE = YES;
				CLANG_WARN__DUPLICATE_METHOD_MATCH = YES;
				CODE_SIGN_IDENTITY = "iPhone Developer";
				COPY_PHASE_STRIP = NO;
				DEBUG_INFORMATION_FORMAT = "dwarf-with-dsym";
				ENABLE_NS_ASSERTIONS = NO;
				ENABLE_STRICT_OBJC_MSGSEND = YES;
				GCC_C_LANGUAGE_STANDARD = gnu11;
				GCC_NO_COMMON_BLOCKS = YES;
				GCC_WARN_64_TO_32_BIT_CONVERSION = YES;
				GCC_WARN_ABOUT_RETURN_TYPE = YES_ERROR;
				GCC_WARN_UNDECLARED_SELECTOR = YES;
				GCC_WARN_UNINITIALIZED_AUTOS = YES_AGGRESSIVE;
				GCC_WARN_UNUSED_FUNCTION = YES;
				GCC_WARN_UNUSED_VARIABLE = YES;
				IPHONEOS_DEPLOYMENT_TARGET = 11.0;
				MTL_ENABLE_DEBUG_INFO = NO;
				SDKROOT = iphoneos;
				SWIFT_OPTIMIZATION_LEVEL = "-Owholemodule";
				VALIDATE_PRODUCT = YES;
			};
			name = Release;
		};
		0BA4D51D1F485F350094F9F1 /* Debug */ = {
			isa = XCBuildConfiguration;
			buildSettings = {
				ASSETCATALOG_COMPILER_APPICON_NAME = AppIcon;
				DEVELOPMENT_TEAM = 6595WR75FM;
				INFOPLIST_FILE = networkMetricsDemo/Info.plist;
				IPHONEOS_DEPLOYMENT_TARGET = 10.0;
				LD_RUNPATH_SEARCH_PATHS = "$(inherited) @executable_path/Frameworks";
				PRODUCT_BUNDLE_IDENTIFIER = "com.in.ibm.rew-m.networkMetricsDemo";
				PRODUCT_NAME = "$(TARGET_NAME)";
				SWIFT_VERSION = 4.0;
				TARGETED_DEVICE_FAMILY = "1,2";
			};
			name = Debug;
		};
		0BA4D51E1F485F350094F9F1 /* Release */ = {
			isa = XCBuildConfiguration;
			buildSettings = {
				ASSETCATALOG_COMPILER_APPICON_NAME = AppIcon;
				DEVELOPMENT_TEAM = 6595WR75FM;
				INFOPLIST_FILE = networkMetricsDemo/Info.plist;
				IPHONEOS_DEPLOYMENT_TARGET = 10.0;
				LD_RUNPATH_SEARCH_PATHS = "$(inherited) @executable_path/Frameworks";
				PRODUCT_BUNDLE_IDENTIFIER = "com.in.ibm.rew-m.networkMetricsDemo";
				PRODUCT_NAME = "$(TARGET_NAME)";
				SWIFT_VERSION = 4.0;
				TARGETED_DEVICE_FAMILY = "1,2";
			};
			name = Release;
		};
		0BA4D5201F485F350094F9F1 /* Debug */ = {
			isa = XCBuildConfiguration;
			buildSettings = {
				ALWAYS_EMBED_SWIFT_STANDARD_LIBRARIES = YES;
				BUNDLE_LOADER = "$(TEST_HOST)";
				DEVELOPMENT_TEAM = 6595WR75FM;
				INFOPLIST_FILE = networkMetricsDemoTests/Info.plist;
				LD_RUNPATH_SEARCH_PATHS = "$(inherited) @executable_path/Frameworks @loader_path/Frameworks";
				PRODUCT_BUNDLE_IDENTIFIER = "com.in.ibm.rew-m.networkMetricsDemoTests";
				PRODUCT_NAME = "$(TARGET_NAME)";
				SWIFT_VERSION = 4.0;
				TARGETED_DEVICE_FAMILY = "1,2";
				TEST_HOST = "$(BUILT_PRODUCTS_DIR)/networkMetricsDemo.app/networkMetricsDemo";
			};
			name = Debug;
		};
		0BA4D5211F485F350094F9F1 /* Release */ = {
			isa = XCBuildConfiguration;
			buildSettings = {
				ALWAYS_EMBED_SWIFT_STANDARD_LIBRARIES = YES;
				BUNDLE_LOADER = "$(TEST_HOST)";
				DEVELOPMENT_TEAM = 6595WR75FM;
				INFOPLIST_FILE = networkMetricsDemoTests/Info.plist;
				LD_RUNPATH_SEARCH_PATHS = "$(inherited) @executable_path/Frameworks @loader_path/Frameworks";
				PRODUCT_BUNDLE_IDENTIFIER = "com.in.ibm.rew-m.networkMetricsDemoTests";
				PRODUCT_NAME = "$(TARGET_NAME)";
				SWIFT_VERSION = 4.0;
				TARGETED_DEVICE_FAMILY = "1,2";
				TEST_HOST = "$(BUILT_PRODUCTS_DIR)/networkMetricsDemo.app/networkMetricsDemo";
			};
			name = Release;
		};
		0BA4D5231F485F350094F9F1 /* Debug */ = {
			isa = XCBuildConfiguration;
			buildSettings = {
				ALWAYS_EMBED_SWIFT_STANDARD_LIBRARIES = YES;
				DEVELOPMENT_TEAM = 6595WR75FM;
				INFOPLIST_FILE = networkMetricsDemoUITests/Info.plist;
				LD_RUNPATH_SEARCH_PATHS = "$(inherited) @executable_path/Frameworks @loader_path/Frameworks";
				PRODUCT_BUNDLE_IDENTIFIER = "com.in.ibm.rew-m.networkMetricsDemoUITests";
				PRODUCT_NAME = "$(TARGET_NAME)";
				SWIFT_VERSION = 4.0;
				TARGETED_DEVICE_FAMILY = "1,2";
				TEST_TARGET_NAME = networkMetricsDemo;
			};
			name = Debug;
		};
		0BA4D5241F485F350094F9F1 /* Release */ = {
			isa = XCBuildConfiguration;
			buildSettings = {
				ALWAYS_EMBED_SWIFT_STANDARD_LIBRARIES = YES;
				DEVELOPMENT_TEAM = 6595WR75FM;
				INFOPLIST_FILE = networkMetricsDemoUITests/Info.plist;
				LD_RUNPATH_SEARCH_PATHS = "$(inherited) @executable_path/Frameworks @loader_path/Frameworks";
				PRODUCT_BUNDLE_IDENTIFIER = "com.in.ibm.rew-m.networkMetricsDemoUITests";
				PRODUCT_NAME = "$(TARGET_NAME)";
				SWIFT_VERSION = 4.0;
				TARGETED_DEVICE_FAMILY = "1,2";
				TEST_TARGET_NAME = networkMetricsDemo;
			};
			name = Release;
		};
/* End XCBuildConfiguration section */

/* Begin XCConfigurationList section */
		0BA4D4EF1F485F340094F9F1 /* Build configuration list for PBXProject "networkMetricsDemo" */ = {
			isa = XCConfigurationList;
			buildConfigurations = (
				0BA4D51A1F485F350094F9F1 /* Debug */,
				0BA4D51B1F485F350094F9F1 /* Release */,
			);
			defaultConfigurationIsVisible = 0;
			defaultConfigurationName = Release;
		};
		0BA4D51C1F485F350094F9F1 /* Build configuration list for PBXNativeTarget "networkMetricsDemo" */ = {
			isa = XCConfigurationList;
			buildConfigurations = (
				0BA4D51D1F485F350094F9F1 /* Debug */,
				0BA4D51E1F485F350094F9F1 /* Release */,
			);
			defaultConfigurationIsVisible = 0;
			defaultConfigurationName = Release;
		};
		0BA4D51F1F485F350094F9F1 /* Build configuration list for PBXNativeTarget "networkMetricsDemoTests" */ = {
			isa = XCConfigurationList;
			buildConfigurations = (
				0BA4D5201F485F350094F9F1 /* Debug */,
				0BA4D5211F485F350094F9F1 /* Release */,
			);
			defaultConfigurationIsVisible = 0;
			defaultConfigurationName = Release;
		};
		0BA4D5221F485F350094F9F1 /* Build configuration list for PBXNativeTarget "networkMetricsDemoUITests" */ = {
			isa = XCConfigurationList;
			buildConfigurations = (
				0BA4D5231F485F350094F9F1 /* Debug */,
				0BA4D5241F485F350094F9F1 /* Release */,
			);
			defaultConfigurationIsVisible = 0;
			defaultConfigurationName = Release;
		};
/* End XCConfigurationList section */
	};
	rootObject = 0BA4D4EC1F485F340094F9F1 /* Project object */;
}
